
Microsoft Visual Studio Solution File, Format Version 12.00
# Visual Studio Version 16
VisualStudioVersion = 16.0.30114.105
MinimumVisualStudioVersion = 10.0.40219.1
Project("{FAE04EC0-301F-11D3-BF4B-00C04F79EFBC}") = "app", "app\app.csproj", "{27A7AEA6-3133-43A0-A607-E397F0920EB3}"
EndProject
Project("{FAE04EC0-301F-11D3-BF4B-00C04F79EFBC}") = "generator", "generator\generator.csproj", "{00FC7C1F-0821-4C86-8958-EE696F7F8FEE}"
EndProject
Global
	GlobalSection(SolutionConfigurationPlatforms) = preSolution
		Debug|Any CPU = Debug|Any CPU
		Release|Any CPU = Release|Any CPU
	EndGlobalSection
	GlobalSection(SolutionProperties) = preSolution
		HideSolutionNode = FALSE
	EndGlobalSection
	GlobalSection(ProjectConfigurationPlatforms) = postSolution
		{27A7AEA6-3133-43A0-A607-E397F0920EB3}.Debug|Any CPU.ActiveCfg = Debug|Any CPU
		{27A7AEA6-3133-43A0-A607-E397F0920EB3}.Debug|Any CPU.Build.0 = Debug|Any CPU
		{27A7AEA6-3133-43A0-A607-E397F0920EB3}.Release|Any CPU.ActiveCfg = Release|Any CPU
		{27A7AEA6-3133-43A0-A607-E397F0920EB3}.Release|Any CPU.Build.0 = Release|Any CPU
		{00FC7C1F-0821-4C86-8958-EE696F7F8FEE}.Debug|Any CPU.ActiveCfg = Debug|Any CPU
		{00FC7C1F-0821-4C86-8958-EE696F7F8FEE}.Debug|Any CPU.Build.0 = Debug|Any CPU
		{00FC7C1F-0821-4C86-8958-EE696F7F8FEE}.Release|Any CPU.ActiveCfg = Release|Any CPU
		{00FC7C1F-0821-4C86-8958-EE696F7F8FEE}.Release|Any CPU.Build.0 = Release|Any CPU
	EndGlobalSection
EndGlobal
